
Microsoft Visual Studio Solution File, Format Version 12.00
# Visual Studio 14
VisualStudioVersion = 14.0.25420.1
MinimumVisualStudioVersion = 10.0.40219.1
Project("{2150E333-8FDC-42A3-9474-1A3956D46DE8}") = "Plugins", "Plugins", "{7105AF76-967A-4E58-A94B-B120CE8A3C80}"
EndProject
Project("{FAE04EC0-301F-11D3-BF4B-00C04F79EFBC}") = "SusiDemo4", "SusiDemo4.csproj", "{A7C85F76-7959-482E-8C2C-DE93B8E41BE4}"
	ProjectSection(ProjectDependencies) = postProject
		{E1E7F209-C163-470E-BE45-64FF2CFB58D6} = {E1E7F209-C163-470E-BE45-64FF2CFB58D6}
	EndProjectSection
EndProject
Project("{FAE04EC0-301F-11D3-BF4B-00C04F79EFBC}") = "SusiHWM", "Plugins\SusiHWM\SusiHWM.csproj", "{52F616CC-8DEF-4CED-A346-EBE47C3F3CB9}"
	ProjectSection(ProjectDependencies) = postProject
		{E1E7F209-C163-470E-BE45-64FF2CFB58D6} = {E1E7F209-C163-470E-BE45-64FF2CFB58D6}
	EndProjectSection
EndProject
Project("{FAE04EC0-301F-11D3-BF4B-00C04F79EFBC}") = "SusiWDT", "Plugins\SusiWDT\SusiWDT.csproj", "{8213CDFB-9F0F-4B06-A20E-5560BF9DA461}"
EndProject
Project("{FAE04EC0-301F-11D3-BF4B-00C04F79EFBC}") = "SusiVGA", "Plugins\SusiVGA\SusiVGA.csproj", "{4F7C1B19-3D02-49AE-8621-2AE069DE1463}"
EndProject
Project("{FAE04EC0-301F-11D3-BF4B-00C04F79EFBC}") = "SusiSMBus", "Plugins\SusiSMBus\SusiSMBus.csproj", "{2DFF3F4A-F4E1-409C-8957-1DA47F2E1217}"
EndProject
Project("{FAE04EC0-301F-11D3-BF4B-00C04F79EFBC}") = "SusiI2C", "Plugins\SusiI2C\SusiI2C.csproj", "{33180189-41F6-41D4-B131-12CE60A6F81A}"
EndProject
Project("{FAE04EC0-301F-11D3-BF4B-00C04F79EFBC}") = "SusiGPIO", "Plugins\SusiGPIO\SusiGPIO.csproj", "{FD8F450F-ABF3-43C4-BF68-E6D52EA8746A}"
EndProject
Project("{FAE04EC0-301F-11D3-BF4B-00C04F79EFBC}") = "SusiInformation", "Plugins\SusiInformation\SusiInformation.csproj", "{42EDAD90-443D-4E89-8885-B525D3CA415E}"
EndProject
Project("{FAE04EC0-301F-11D3-BF4B-00C04F79EFBC}") = "SusiStorage", "Plugins\SusiStorage\SusiStorage.csproj", "{9A27C48B-77BF-4EB9-95E6-D78DCD00523D}"
EndProject
Project("{FAE04EC0-301F-11D3-BF4B-00C04F79EFBC}") = "SusiThermalProtect", "Plugins\SusiThermalProtect\SusiThermalProtect.csproj", "{28B89925-BEF0-42E5-A64E-C5425C9B6598}"
EndProject
Project("{FAE04EC0-301F-11D3-BF4B-00C04F79EFBC}") = "SusiSmartFan", "Plugins\SusiSmartFan\SusiSmartFan.csproj", "{5C0A58CD-6F85-4F6A-A369-9292A9D5108E}"
EndProject
Project("{FAE04EC0-301F-11D3-BF4B-00C04F79EFBC}") = "SusiCommon", "SusiCommon\SusiCommon.csproj", "{E1E7F209-C163-470E-BE45-64FF2CFB58D6}"
EndProject
Global
	GlobalSection(SolutionConfigurationPlatforms) = preSolution
		Debug|Any CPU = Debug|Any CPU
		Debug|x86 = Debug|x86
		Release|Any CPU = Release|Any CPU
		Release|x86 = Release|x86
	EndGlobalSection
	GlobalSection(ProjectConfigurationPlatforms) = postSolution
		{A7C85F76-7959-482E-8C2C-DE93B8E41BE4}.Debug|Any CPU.ActiveCfg = Debug|Any CPU
		{A7C85F76-7959-482E-8C2C-DE93B8E41BE4}.Debug|Any CPU.Build.0 = Debug|Any CPU
		{A7C85F76-7959-482E-8C2C-DE93B8E41BE4}.Debug|x86.ActiveCfg = Debug|x86
		{A7C85F76-7959-482E-8C2C-DE93B8E41BE4}.Debug|x86.Build.0 = Debug|x86
		{A7C85F76-7959-482E-8C2C-DE93B8E41BE4}.Release|Any CPU.ActiveCfg = Release|Any CPU
		{A7C85F76-7959-482E-8C2C-DE93B8E41BE4}.Release|Any CPU.Build.0 = Release|Any CPU
		{A7C85F76-7959-482E-8C2C-DE93B8E41BE4}.Release|x86.ActiveCfg = Release|x86
		{A7C85F76-7959-482E-8C2C-DE93B8E41BE4}.Release|x86.Build.0 = Release|x86
		{52F616CC-8DEF-4CED-A346-EBE47C3F3CB9}.Debug|Any CPU.ActiveCfg = Debug|Any CPU
		{52F616CC-8DEF-4CED-A346-EBE47C3F3CB9}.Debug|Any CPU.Build.0 = Debug|Any CPU
		{52F616CC-8DEF-4CED-A346-EBE47C3F3CB9}.Debug|x86.ActiveCfg = Debug|Any CPU
		{52F616CC-8DEF-4CED-A346-EBE47C3F3CB9}.Debug|x86.Build.0 = Debug|Any CPU
		{52F616CC-8DEF-4CED-A346-EBE47C3F3CB9}.Release|Any CPU.ActiveCfg = Release|Any CPU
		{52F616CC-8DEF-4CED-A346-EBE47C3F3CB9}.Release|Any CPU.Build.0 = Release|Any CPU
		{52F616CC-8DEF-4CED-A346-EBE47C3F3CB9}.Release|x86.ActiveCfg = Release|Any CPU
		{52F616CC-8DEF-4CED-A346-EBE47C3F3CB9}.Release|x86.Build.0 = Release|Any CPU
		{8213CDFB-9F0F-4B06-A20E-5560BF9DA461}.Debug|Any CPU.ActiveCfg = Debug|Any CPU
		{8213CDFB-9F0F-4B06-A20E-5560BF9DA461}.Debug|Any CPU.Build.0 = Debug|Any CPU
		{8213CDFB-9F0F-4B06-A20E-5560BF9DA461}.Debug|x86.ActiveCfg = Debug|Any CPU
		{8213CDFB-9F0F-4B06-A20E-5560BF9DA461}.Debug|x86.Build.0 = Debug|Any CPU
		{8213CDFB-9F0F-4B06-A20E-5560BF9DA461}.Release|Any CPU.ActiveCfg = Release|Any CPU
		{8213CDFB-9F0F-4B06-A20E-5560BF9DA461}.Release|Any CPU.Build.0 = Release|Any CPU
		{8213CDFB-9F0F-4B06-A20E-5560BF9DA461}.Release|x86.ActiveCfg = Release|Any CPU
		{8213CDFB-9F0F-4B06-A20E-5560BF9DA461}.Release|x86.Build.0 = Release|Any CPU
		{4F7C1B19-3D02-49AE-8621-2AE069DE1463}.Debug|Any CPU.ActiveCfg = Debug|Any CPU
		{4F7C1B19-3D02-49AE-8621-2AE069DE1463}.Debug|Any CPU.Build.0 = Debug|Any CPU
		{4F7C1B19-3D02-49AE-8621-2AE069DE1463}.Debug|x86.ActiveCfg = Debug|Any CPU
		{4F7C1B19-3D02-49AE-8621-2AE069DE1463}.Debug|x86.Build.0 = Debug|Any CPU
		{4F7C1B19-3D02-49AE-8621-2AE069DE1463}.Release|Any CPU.ActiveCfg = Release|Any CPU
		{4F7C1B19-3D02-49AE-8621-2AE069DE1463}.Release|Any CPU.Build.0 = Release|Any CPU
		{4F7C1B19-3D02-49AE-8621-2AE069DE1463}.Release|x86.ActiveCfg = Release|Any CPU
		{4F7C1B19-3D02-49AE-8621-2AE069DE1463}.Release|x86.Build.0 = Release|Any CPU
		{2DFF3F4A-F4E1-409C-8957-1DA47F2E1217}.Debug|Any CPU.ActiveCfg = Debug|Any CPU
		{2DFF3F4A-F4E1-409C-8957-1DA47F2E1217}.Debug|Any CPU.Build.0 = Debug|Any CPU
		{2DFF3F4A-F4E1-409C-8957-1DA47F2E1217}.Debug|x86.ActiveCfg = Debug|Any CPU
		{2DFF3F4A-F4E1-409C-8957-1DA47F2E1217}.Debug|x86.Build.0 = Debug|Any CPU
		{2DFF3F4A-F4E1-409C-8957-1DA47F2E1217}.Release|Any CPU.ActiveCfg = Release|Any CPU
		{2DFF3F4A-F4E1-409C-8957-1DA47F2E1217}.Release|Any CPU.Build.0 = Release|Any CPU
		{2DFF3F4A-F4E1-409C-8957-1DA47F2E1217}.Release|x86.ActiveCfg = Release|Any CPU
		{2DFF3F4A-F4E1-409C-8957-1DA47F2E1217}.Release|x86.Build.0 = Release|Any CPU
		{33180189-41F6-41D4-B131-12CE60A6F81A}.Debug|Any CPU.ActiveCfg = Debug|Any CPU
		{33180189-41F6-41D4-B131-12CE60A6F81A}.Debug|Any CPU.Build.0 = Debug|Any CPU
		{33180189-41F6-41D4-B131-12CE60A6F81A}.Debug|x86.ActiveCfg = Debug|Any CPU
		{33180189-41F6-41D4-B131-12CE60A6F81A}.Debug|x86.Build.0 = Debug|Any CPU
		{33180189-41F6-41D4-B131-12CE60A6F81A}.Release|Any CPU.ActiveCfg = Release|Any CPU
		{33180189-41F6-41D4-B131-12CE60A6F81A}.Release|Any CPU.Build.0 = Release|Any CPU
		{33180189-41F6-41D4-B131-12CE60A6F81A}.Release|x86.ActiveCfg = Release|Any CPU
		{33180189-41F6-41D4-B131-12CE60A6F81A}.Release|x86.Build.0 = Release|Any CPU
		{FD8F450F-ABF3-43C4-BF68-E6D52EA8746A}.Debug|Any CPU.ActiveCfg = Debug|Any CPU
		{FD8F450F-ABF3-43C4-BF68-E6D52EA8746A}.Debug|Any CPU.Build.0 = Debug|Any CPU
		{FD8F450F-ABF3-43C4-BF68-E6D52EA8746A}.Debug|x86.ActiveCfg = Debug|Any CPU
		{FD8F450F-ABF3-43C4-BF68-E6D52EA8746A}.Debug|x86.Build.0 = Debug|Any CPU
		{FD8F450F-ABF3-43C4-BF68-E6D52EA8746A}.Release|Any CPU.ActiveCfg = Release|Any CPU
		{FD8F450F-ABF3-43C4-BF68-E6D52EA8746A}.Release|Any CPU.Build.0 = Release|Any CPU
		{FD8F450F-ABF3-43C4-BF68-E6D52EA8746A}.Release|x86.ActiveCfg = Release|Any CPU
		{FD8F450F-ABF3-43C4-BF68-E6D52EA8746A}.Release|x86.Build.0 = Release|Any CPU
		{42EDAD90-443D-4E89-8885-B525D3CA415E}.Debug|Any CPU.ActiveCfg = Debug|Any CPU
		{42EDAD90-443D-4E89-8885-B525D3CA415E}.Debug|Any CPU.Build.0 = Debug|Any CPU
		{42EDAD90-443D-4E89-8885-B525D3CA415E}.Debug|x86.ActiveCfg = Debug|Any CPU
		{42EDAD90-443D-4E89-8885-B525D3CA415E}.Debug|x86.Build.0 = Debug|Any CPU
		{42EDAD90-443D-4E89-8885-B525D3CA415E}.Release|Any CPU.ActiveCfg = Release|Any CPU
		{42EDAD90-443D-4E89-8885-B525D3CA415E}.Release|Any CPU.Build.0 = Release|Any CPU
		{42EDAD90-443D-4E89-8885-B525D3CA415E}.Release|x86.ActiveCfg = Release|Any CPU
		{42EDAD90-443D-4E89-8885-B525D3CA415E}.Release|x86.Build.0 = Release|Any CPU
		{9A27C48B-77BF-4EB9-95E6-D78DCD00523D}.Debug|Any CPU.ActiveCfg = Debug|Any CPU
		{9A27C48B-77BF-4EB9-95E6-D78DCD00523D}.Debug|Any CPU.Build.0 = Debug|Any CPU
		{9A27C48B-77BF-4EB9-95E6-D78DCD00523D}.Debug|x86.ActiveCfg = Debug|Any CPU
		{9A27C48B-77BF-4EB9-95E6-D78DCD00523D}.Debug|x86.Build.0 = Debug|Any CPU
		{9A27C48B-77BF-4EB9-95E6-D78DCD00523D}.Release|Any CPU.ActiveCfg = Release|Any CPU
		{9A27C48B-77BF-4EB9-95E6-D78DCD00523D}.Release|Any CPU.Build.0 = Release|Any CPU
		{9A27C48B-77BF-4EB9-95E6-D78DCD00523D}.Release|x86.ActiveCfg = Release|Any CPU
		{9A27C48B-77BF-4EB9-95E6-D78DCD00523D}.Release|x86.Build.0 = Release|Any CPU
		{28B89925-BEF0-42E5-A64E-C5425C9B6598}.Debug|Any CPU.ActiveCfg = Debug|Any CPU
		{28B89925-BEF0-42E5-A64E-C5425C9B6598}.Debug|Any CPU.Build.0 = Debug|Any CPU
		{28B89925-BEF0-42E5-A64E-C5425C9B6598}.Debug|x86.ActiveCfg = Debug|Any CPU
		{28B89925-BEF0-42E5-A64E-C5425C9B6598}.Debug|x86.Build.0 = Debug|Any CPU
		{28B89925-BEF0-42E5-A64E-C5425C9B6598}.Release|Any CPU.ActiveCfg = Release|Any CPU
		{28B89925-BEF0-42E5-A64E-C5425C9B6598}.Release|Any CPU.Build.0 = Release|Any CPU
		{28B89925-BEF0-42E5-A64E-C5425C9B6598}.Release|x86.ActiveCfg = Release|Any CPU
		{28B89925-BEF0-42E5-A64E-C5425C9B6598}.Release|x86.Build.0 = Release|Any CPU
		{5C0A58CD-6F85-4F6A-A369-9292A9D5108E}.Debug|Any CPU.ActiveCfg = Debug|Any CPU
		{5C0A58CD-6F85-4F6A-A369-9292A9D5108E}.Debug|Any CPU.Build.0 = Debug|Any CPU
		{5C0A58CD-6F85-4F6A-A369-9292A9D5108E}.Debug|x86.ActiveCfg = Debug|Any CPU
		{5C0A58CD-6F85-4F6A-A369-9292A9D5108E}.Debug|x86.Build.0 = Debug|Any CPU
		{5C0A58CD-6F85-4F6A-A369-9292A9D5108E}.Release|Any CPU.ActiveCfg = Release|Any CPU
		{5C0A58CD-6F85-4F6A-A369-9292A9D5108E}.Release|Any CPU.Build.0 = Release|Any CPU
		{5C0A58CD-6F85-4F6A-A369-9292A9D5108E}.Release|x86.ActiveCfg = Release|Any CPU
		{5C0A58CD-6F85-4F6A-A369-9292A9D5108E}.Release|x86.Build.0 = Release|Any CPU
		{E1E7F209-C163-470E-BE45-64FF2CFB58D6}.Debug|Any CPU.ActiveCfg = Debug|Any CPU
		{E1E7F209-C163-470E-BE45-64FF2CFB58D6}.Debug|Any CPU.Build.0 = Debug|Any CPU
		{E1E7F209-C163-470E-BE45-64FF2CFB58D6}.Debug|x86.ActiveCfg = Debug|Any CPU
		{E1E7F209-C163-470E-BE45-64FF2CFB58D6}.Release|Any CPU.ActiveCfg = Release|Any CPU
		{E1E7F209-C163-470E-BE45-64FF2CFB58D6}.Release|Any CPU.Build.0 = Release|Any CPU
		{E1E7F209-C163-470E-BE45-64FF2CFB58D6}.Release|x86.ActiveCfg = Release|Any CPU
		{E1E7F209-C163-470E-BE45-64FF2CFB58D6}.Release|x86.Build.0 = Release|Any CPU
	EndGlobalSection
	GlobalSection(SolutionProperties) = preSolution
		HideSolutionNode = FALSE
	EndGlobalSection
	GlobalSection(NestedProjects) = preSolution
		{52F616CC-8DEF-4CED-A346-EBE47C3F3CB9} = {7105AF76-967A-4E58-A94B-B120CE8A3C80}
		{8213CDFB-9F0F-4B06-A20E-5560BF9DA461} = {7105AF76-967A-4E58-A94B-B120CE8A3C80}
		{4F7C1B19-3D02-49AE-8621-2AE069DE1463} = {7105AF76-967A-4E58-A94B-B120CE8A3C80}
		{2DFF3F4A-F4E1-409C-8957-1DA47F2E1217} = {7105AF76-967A-4E58-A94B-B120CE8A3C80}
		{33180189-41F6-41D4-B131-12CE60A6F81A} = {7105AF76-967A-4E58-A94B-B120CE8A3C80}
		{FD8F450F-ABF3-43C4-BF68-E6D52EA8746A} = {7105AF76-967A-4E58-A94B-B120CE8A3C80}
		{42EDAD90-443D-4E89-8885-B525D3CA415E} = {7105AF76-967A-4E58-A94B-B120CE8A3C80}
		{9A27C48B-77BF-4EB9-95E6-D78DCD00523D} = {7105AF76-967A-4E58-A94B-B120CE8A3C80}
		{28B89925-BEF0-42E5-A64E-C5425C9B6598} = {7105AF76-967A-4E58-A94B-B120CE8A3C80}
		{5C0A58CD-6F85-4F6A-A369-9292A9D5108E} = {7105AF76-967A-4E58-A94B-B120CE8A3C80}
	EndGlobalSection
EndGlobal
